{
  "version": 1,
  "dependencies": {
    "net8.0-windows7.0": {
      "ConfigureAwait.Fody": {
        "type": "Direct",
        "requested": "[3.3.2, )",
        "resolved": "3.3.2",
        "contentHash": "vzGcpFU7uY4SbdB1Q68sFqv52HU5V1l39bF1rw6BIb7Os/DRLZa5ObV1yf/CNuTXj8IZjqJQ7PnTzSUiI/W49A==",
        "dependencies": {
          "Fody": "6.6.4"
        }
      },
      "Fody": {
        "type": "Direct",
        "requested": "[6.9.0, )",
        "resolved": "6.9.0",
        "contentHash": "pyJRIpGmjBtxdWCa+zzCeFCKjf2hxLL8ox0ytXUH8KxlE+8PIsW3qH03LLlTarmRKmmoEBjeBqFv7VcxiqAYnQ=="
      },
      "HMBSbige.SingleInstance": {
        "type": "Direct",
        "requested": "[6.0.1, )",
        "resolved": "6.0.1",
        "contentHash": "eCegEI9ogKNEgDMwPFyhKZj4w0uTK8sWG2P+Jaaf4Cm7pDPY6a02/x9B/xHzZ3eKJsXXjw2OXb5tdjdnRxzZLA==",
        "dependencies": {
          "Pipelines.Extensions": "1.0.0",
          "System.Reactive": "6.0.0"
        }
      },
      "MaxMind.GeoIP2": {
        "type": "Direct",
        "requested": "[5.4.1, )",
        "resolved": "5.4.1",
        "contentHash": "xjxNSIU0QlmQM083XFgprMlaEMWbxIN2Ft81IScnCch71Npy0gTEfzY6F7yv3/AYRFKV2ykgnUihUxQsGSyOWA==",
        "dependencies": {
          "MaxMind.Db": "4.3.4",
          "Microsoft.Extensions.Options": "10.0.0"
        }
      },
      "Microsoft.Diagnostics.Tracing.TraceEvent": {
        "type": "Direct",
        "requested": "[3.1.20, )",
        "resolved": "3.1.20",
        "contentHash": "4yA522NXSMFdkMAuPOHxpeOkD9nwNrcWBbYD8rg5Aeku5csl2HF1oWttD+HQnqzkoNPCgtY9N4dZ5WVJ9rkg/g==",
        "dependencies": {
          "Microsoft.Diagnostics.NETCore.Client": "0.2.510501",
          "Microsoft.Win32.Registry": "5.0.0",
          "System.Collections.Immutable": "8.0.0",
          "System.Reflection.Metadata": "8.0.0",
          "System.Reflection.TypeExtensions": "4.7.0",
          "System.Runtime.CompilerServices.Unsafe": "6.0.0"
        }
      },
      "Microsoft.VisualStudio.Threading": {
        "type": "Direct",
        "requested": "[18.7.23, )",
        "resolved": "18.7.23",
        "contentHash": "IiK1otNipjvDIk8SClYwOP1uRZLpVA3luVMKSTPhhjhxqv2pp8/tzfLy/IB7HW+voeEodCTHh0q9LbLIBdGNKA==",
        "dependencies": {
          "Microsoft.VisualStudio.Threading.Analyzers": "18.7.23",
          "Microsoft.VisualStudio.Threading.Only": "18.7.23",
          "Microsoft.VisualStudio.Validation": "17.13.22"
        }
      },
      "Microsoft.Windows.CsWin32": {
        "type": "Direct",
        "requested": "[0.3.106, )",
        "resolved": "0.3.106",
        "contentHash": "Mx5fK7uN6fwLR4wUghs6//HonAnwPBNmC2oonyJVhCUlHS/r6SUS3NkBc3+gaQiv+0/9bqdj1oSCKQFkNI+21Q==",
        "dependencies": {
          "Microsoft.Windows.SDK.Win32Docs": "0.1.42-alpha",
          "Microsoft.Windows.SDK.Win32Metadata": "60.0.34-preview",
          "Microsoft.Windows.WDK.Win32Metadata": "0.11.4-experimental"
        }
      },
      "Nullable.Extended.Analyzer": {
        "type": "Direct",
        "requested": "[1.15.6169, )",
        "resolved": "1.15.6169",
        "contentHash": "ywYUOukrgjzwGIAJEW8k/Cc98Y61xvM0JFt9LHrblz2wFwl0aVk31rdYh6Y+guFJQtzIwHrM4IY++0szJjLvQg=="
      },
      "Serilog": {
        "type": "Direct",
        "requested": "[4.2.0, )",
        "resolved": "4.2.0",
        "contentHash": "gmoWVOvKgbME8TYR+gwMf7osROiWAURterc6Rt2dQyX7wtjZYpqFiA/pY6ztjGQKKV62GGCyOcmtP1UKMHgSmA=="
      },
      "Serilog.Extensions.Hosting": {
        "type": "Direct",
        "requested": "[8.0.0, )",
        "resolved": "8.0.0",
        "contentHash": "db0OcbWeSCvYQkHWu6n0v40N4kKaTAXNjlM3BKvcbwvNzYphQFcBR+36eQ/7hMMwOkJvAyLC2a9/jNdUL5NjtQ==",
        "dependencies": {
          "Microsoft.Extensions.DependencyInjection.Abstractions": "8.0.0",
          "Microsoft.Extensions.Hosting.Abstractions": "8.0.0",
          "Microsoft.Extensions.Logging.Abstractions": "8.0.0",
          "Serilog": "3.1.1",
          "Serilog.Extensions.Logging": "8.0.0"
        }
      },
      "Serilog.Sinks.Async": {
        "type": "Direct",
        "requested": "[2.1.0, )",
        "resolved": "2.1.0",
        "contentHash": "SnmRknWsSMgyo9wDXeZZCqSp48kkQYy44taSM6vcpxfiRICzSf09oLKEmVr0RCwQnfd8mJQ2WNN6nvhqf0RowQ==",
        "dependencies": {
          "Serilog": "4.1.0"
        }
      },
      "Serilog.Sinks.Console": {
        "type": "Direct",
        "requested": "[6.0.0, )",
        "resolved": "6.0.0",
        "contentHash": "fQGWqVMClCP2yEyTXPIinSr5c+CBGUvBybPxjAGcf7ctDhadFhrQw03Mv8rJ07/wR5PDfFjewf2LimvXCDzpbA==",
        "dependencies": {
          "Serilog": "4.0.0"
        }
      },
      "Serilog.Sinks.File": {
        "type": "Direct",
        "requested": "[6.0.0, )",
        "resolved": "6.0.0",
        "contentHash": "lxjg89Y8gJMmFxVkbZ+qDgjl+T4yC5F7WSLTvA+5q0R04tfKVLRL/EHpYoJ/MEQd2EeCKDuylBIVnAYMotmh2A==",
        "dependencies": {
          "Serilog": "4.0.0"
        }
      },
      "Stun.Net": {
        "type": "Direct",
        "requested": "[6.2.0, )",
        "resolved": "6.2.0",
        "contentHash": "ChyWz5fkkawFI7+YV8bXpsRfvjrzfAAI7MylnNtF3CTfeSB94p+YXmYBS/JXTQpIiBOn+XV8uZvV8BpPs5FxSw==",
        "dependencies": {
          "Microsoft.VisualStudio.Validation": "17.0.53",
          "Socks5": "1.0.0"
        }
      },
      "System.Management": {
        "type": "Direct",
        "requested": "[8.0.0, )",
        "resolved": "8.0.0",
        "contentHash": "jrK22i5LRzxZCfGb+tGmke2VH7oE0DvcDlJ1HAKYU8cPmD8XnpUT0bYn2Gy98GEhGjtfbR/sxKTVb+dE770pfA==",
        "dependencies": {
          "System.CodeDom": "8.0.0"
        }
      },
      "System.ServiceProcess.ServiceController": {
        "type": "Direct",
        "requested": "[8.0.1, )",
        "resolved": "8.0.1",
        "contentHash": "02I0BXo1kmMBgw03E8Hu4K6nTqur4wpQdcDZrndczPzY2fEoGvlinE35AWbyzLZ2h2IksEZ6an4tVt3hi9j1oA==",
        "dependencies": {
          "System.Diagnostics.EventLog": "8.0.1"
        }
      },
      "System.Text.Encoding.CodePages": {
        "type": "Direct",
        "requested": "[8.0.0, )",
        "resolved": "8.0.0",
        "contentHash": "OZIsVplFGaVY90G2SbpgU7EnCoOO5pw1t4ic21dBF3/1omrJFpAGoNAVpPyMVOC90/hvgkGG3VFqR13YgZMQfg=="
      },
      "TaskScheduler": {
        "type": "Direct",
        "requested": "[2.12.0, )",
        "resolved": "2.12.0",
        "contentHash": "wHz1NLuNGb98u4UNL3S0isTv6UUVYGpryfZg26CxAO8UDD/Je0s42uM6owVhOZGVFHtaj9BiJ7EMOU+osBqAqQ==",
        "dependencies": {
          "Microsoft.Win32.Registry": "5.0.0",
          "System.Diagnostics.EventLog": "8.0.0",
          "System.Security.AccessControl": "6.0.1"
        }
      },
      "WindowsFirewallHelper": {
        "type": "Direct",
        "requested": "[2.2.0.86, )",
        "resolved": "2.2.0.86",
        "contentHash": "JJMij2ODxm2xPiG4rRuolk9Pgb48LEr+Eku1BQyhJHn5uH/TmI5CMAQuVtFbD691/emzsuNwvnYVg5bg7ohkfw==",
        "dependencies": {
          "System.ServiceProcess.ServiceController": "5.0.0"
        }
      },
      "WindowsJobAPI": {
        "type": "Direct",
        "requested": "[6.1.0, )",
        "resolved": "6.1.0",
        "contentHash": "x60Y6p8iHJsniewZVEMB5piHEhhqeePLfrD0CGnnotWGkhrIx6Orw8sBEaVMLtgR2oUWG0Ych+ffTf2X3qL+Xw=="
      },
      "MaxMind.Db": {
        "type": "Transitive",
        "resolved": "4.3.4",
        "contentHash": "LtVOvpeHgYn+Ap95c5QuZ5oZd5zDTY7zlSb9L8tNSuCpXg/SAyOyZip1US50idNcEKZSr5Jev18RMnmHZMmvEA=="
      },
      "Microsoft.Diagnostics.NETCore.Client": {
        "type": "Transitive",
        "resolved": "0.2.510501",
        "contentHash": "juoqJYMDs+lRrrZyOkXXMImJHneCF23cuvO4waFRd2Ds7j+ZuGIPbJm0Y/zz34BdeaGiiwGWraMUlln05W1PCQ==",
        "dependencies": {
          "Microsoft.Extensions.Logging": "6.0.0"
        }
      },
      "Microsoft.Extensions.Configuration.Abstractions": {
        "type": "Transitive",
        "resolved": "8.0.0",
        "contentHash": "3lE/iLSutpgX1CC0NOW70FJoGARRHbyKmG7dc0klnUZ9Dd9hS6N/POPWhKhMLCEuNN5nXEY5agmlFtH562vqhQ==",
        "dependencies": {
          "Microsoft.Extensions.Primitives": "8.0.0"
        }
      },
      "Microsoft.Extensions.DependencyInjection": {
        "type": "Transitive",
        "resolved": "8.0.0",
        "contentHash": "V8S3bsm50ig6JSyrbcJJ8bW2b9QLGouz+G1miK3UTaOWmMtFwNNNzUf4AleyDWUmTrWMLNnFSLEQtxmxgNQnNQ==",
        "dependencies": {
          "Microsoft.Extensions.DependencyInjection.Abstractions": "8.0.0"
        }
      },
      "Microsoft.Extensions.DependencyInjection.Abstractions": {
        "type": "Transitive",
        "resolved": "10.0.0",
        "contentHash": "L3AdmZ1WOK4XXT5YFPEwyt0ep6l8lGIPs7F5OOBZc77Zqeo01Of7XXICy47628sdVl0v/owxYJTe86DTgFwKCA=="
      },
      "Microsoft.Extensions.Diagnostics.Abstractions": {
        "type": "Transitive",
        "resolved": "8.0.0",
        "contentHash": "JHYCQG7HmugNYUhOl368g+NMxYE/N/AiclCYRNlgCY9eVyiBkOHMwK4x60RYMxv9EL3+rmj1mqHvdCiPpC+D4Q==",
        "dependencies": {
          "Microsoft.Extensions.DependencyInjection.Abstractions": "8.0.0",
          "Microsoft.Extensions.Options": "8.0.0",
          "System.Diagnostics.DiagnosticSource": "8.0.0"
        }
      },
      "Microsoft.Extensions.FileProviders.Abstractions": {
        "type": "Transitive",
        "resolved": "8.0.0",
        "contentHash": "ZbaMlhJlpisjuWbvXr4LdAst/1XxH3vZ6A0BsgTphZ2L4PGuxRLz7Jr/S7mkAAnOn78Vu0fKhEgNF5JO3zfjqQ==",
        "dependencies": {
          "Microsoft.Extensions.Primitives": "8.0.0"
        }
      },
      "Microsoft.Extensions.Hosting.Abstractions": {
        "type": "Transitive",
        "resolved": "8.0.0",
        "contentHash": "AG7HWwVRdCHlaA++1oKDxLsXIBxmDpMPb3VoyOoAghEWnkUvEAdYQUwnV4jJbAaa/nMYNiEh5ByoLauZBEiovg==",
        "dependencies": {
          "Microsoft.Extensions.Configuration.Abstractions": "8.0.0",
          "Microsoft.Extensions.DependencyInjection.Abstractions": "8.0.0",
          "Microsoft.Extensions.Diagnostics.Abstractions": "8.0.0",
          "Microsoft.Extensions.FileProviders.Abstractions": "8.0.0",
          "Microsoft.Extensions.Logging.Abstractions": "8.0.0"
        }
      },
      "Microsoft.Extensions.Logging": {
        "type": "Transitive",
        "resolved": "8.0.0",
        "contentHash": "tvRkov9tAJ3xP51LCv3FJ2zINmv1P8Hi8lhhtcKGqM+ImiTCC84uOPEI4z8Cdq2C3o9e+Aa0Gw0rmrsJD77W+w==",
        "dependencies": {
          "Microsoft.Extensions.DependencyInjection": "8.0.0",
          "Microsoft.Extensions.Logging.Abstractions": "8.0.0",
          "Microsoft.Extensions.Options": "8.0.0"
        }
      },
      "Microsoft.Extensions.Logging.Abstractions": {
        "type": "Transitive",
        "resolved": "8.0.0",
        "contentHash": "arDBqTgFCyS0EvRV7O3MZturChstm50OJ0y9bDJvAcmEPJm0FFpFyjU/JLYyStNGGey081DvnQYlncNX5SJJGA==",
        "dependencies": {
          "Microsoft.Extensions.DependencyInjection.Abstractions": "8.0.0"
        }
      },
      "Microsoft.Extensions.Options": {
        "type": "Transitive",
        "resolved": "10.0.0",
        "contentHash": "8oCAgXOow5XDrY9HaXX1QmH3ORsyZO/ANVHBlhLyCeWTH5Sg4UuqZeOTWJi6484M+LqSx0RqQXDJtdYy2BNiLQ==",
        "dependencies": {
          "Microsoft.Extensions.DependencyInjection.Abstractions": "10.0.0",
          "Microsoft.Extensions.Primitives": "10.0.0"
        }
      },
      "Microsoft.Extensions.Primitives": {
        "type": "Transitive",
        "resolved": "10.0.0",
        "contentHash": "inRnbpCS0nwO/RuoZIAqxQUuyjaknOOnCEZB55KSMMjRhl0RQDttSmLSGsUJN3RQ3ocf5NDLFd2mOQViHqMK5w=="
      },
      "Microsoft.VisualStudio.Threading.Analyzers": {
        "type": "Transitive",
        "resolved": "18.7.23",
        "contentHash": "dyj6z8m+LFjpeH69hdnciCcRCmD0YgMlvuQEywiEshjqj/blgQ+PuWX8Vd5gkWQFoBN4e+TFxx6DvGNSv/gIKg=="
      },
      "Microsoft.VisualStudio.Threading.Only": {
        "type": "Transitive",
        "resolved": "18.7.23",
        "contentHash": "iOaVAQLPt1KxFyYqZqKxqNu8BgQUiPLNeT8XhX+549eWaGw49e1MxjlkjTIBwvlfrU4lPp+Nm99oRpmsgN7RJw==",
        "dependencies": {
          "Microsoft.VisualStudio.Validation": "17.13.22"
        }
      },
      "Microsoft.VisualStudio.Validation": {
        "type": "Transitive",
        "resolved": "17.13.22",
        "contentHash": "fC20ITOxlUpGQ0ltAxITQbeFxwuB6OjLT3lByC4+/Gm46o/Mwv9hlIVrBhiUhnqdQzUUvr4EHkdiYe7WOSMLmw=="
      },
      "Microsoft.Win32.Registry": {
        "type": "Transitive",
        "resolved": "5.0.0",
        "contentHash": "dDoKi0PnDz31yAyETfRntsLArTlVAVzUzCIvvEDsDsucrl33Dl8pIJG06ePTJTI3tGpeyHS9Cq7Foc/s4EeKcg==",
        "dependencies": {
          "System.Security.AccessControl": "5.0.0",
          "System.Security.Principal.Windows": "5.0.0"
        }
      },
      "Microsoft.Windows.SDK.Win32Docs": {
        "type": "Transitive",
        "resolved": "0.1.42-alpha",
        "contentHash": "Z/9po23gUA9aoukirh2ItMU2ZS9++Js9Gdds9fu5yuMojDrmArvY2y+tq9985tR3cxFxpZO1O35Wjfo0khj5HA=="
      },
      "Microsoft.Windows.SDK.Win32Metadata": {
        "type": "Transitive",
        "resolved": "60.0.34-preview",
        "contentHash": "TA3DUNi4CTeo+ItTXBnGZFt2159XOGSl0UOlG5vjDj4WHqZjhwYyyUnzOtrbCERiSaP2Hzg7otJNWwOSZgutyA=="
      },
      "Microsoft.Windows.WDK.Win32Metadata": {
        "type": "Transitive",
        "resolved": "0.11.4-experimental",
        "contentHash": "bf5MCmUyZf0gBlYQjx9UpRAZWBkRndyt9XicR+UNLvAUAFTZQbu6YaX/sNKZlR98Grn0gydfh/yT4I3vc0AIQA==",
        "dependencies": {
          "Microsoft.Windows.SDK.Win32Metadata": "60.0.34-preview"
        }
      },
      "Pipelines.Extensions": {
        "type": "Transitive",
        "resolved": "1.0.0",
        "contentHash": "v+70qXVlnp37kkKBcjZoP0Imh14cyyyoMwqEo5md4GhnaouLC46AocvgHlyX/+X4Itoh1DPclWi6x0E3FZ7RSA==",
        "dependencies": {
          "Microsoft.VisualStudio.Threading": "17.0.64",
          "System.IO.Pipelines": "6.0.0"
        }
      },
      "Serilog.Extensions.Logging": {
        "type": "Transitive",
        "resolved": "8.0.0",
        "contentHash": "YEAMWu1UnWgf1c1KP85l1SgXGfiVo0Rz6x08pCiPOIBt2Qe18tcZLvdBUuV5o1QHvrs8FAry9wTIhgBRtjIlEg==",
        "dependencies": {
          "Microsoft.Extensions.Logging": "8.0.0",
          "Serilog": "3.1.1"
        }
      },
      "Socks5": {
        "type": "Transitive",
        "resolved": "1.0.0",
        "contentHash": "zLbqLt36TzX+5MpN0uErUVDXnVdxlbxNJ6iqGNCzKHNrdMlnsTxaYQPjr2qO+zWqgVerMlcdnErmy22NFpaxbw==",
        "dependencies": {
          "Pipelines.Extensions": "1.0.0"
        }
      },
      "System.CodeDom": {
        "type": "Transitive",
        "resolved": "8.0.0",
        "contentHash": "WTlRjL6KWIMr/pAaq3rYqh0TJlzpouaQ/W1eelssHgtlwHAH25jXTkUphTYx9HaIIf7XA6qs/0+YhtLEQRkJ+Q=="
      },
      "System.Collections.Immutable": {
        "type": "Transitive",
        "resolved": "8.0.0",
        "contentHash": "AurL6Y5BA1WotzlEvVaIDpqzpIPvYnnldxru8oXJU2yFxFUy3+pNXjXd1ymO+RA0rq0+590Q8gaz2l3Sr7fmqg=="
      },
      "System.Diagnostics.DiagnosticSource": {
        "type": "Transitive",
        "resolved": "8.0.0",
        "contentHash": "c9xLpVz6PL9lp/djOWtk5KPDZq3cSYpmXoJQY524EOtuFl5z9ZtsotpsyrDW40U1DRnQSYvcPKEUV0X//u6gkQ=="
      },
      "System.Diagnostics.EventLog": {
        "type": "Transitive",
        "resolved": "8.0.1",
        "contentHash": "n1ZP7NM2Gkn/MgD8+eOT5MulMj6wfeQMNS2Pizvq5GHCZfjlFMXV2irQlQmJhwA2VABC57M0auudO89Iu2uRLg=="
      },
      "System.IO.Pipelines": {
        "type": "Transitive",
        "resolved": "6.0.0",
        "contentHash": "mXX66shZ4xLlI3vNLaJ0lt8OIZdmXTvIqXRdQX5HLVGSkLhINLsVhyZuX2UdRFnOGkqnwmMUs40pIIQ7mna4+A=="
      },
      "System.Reactive": {
        "type": "Transitive",
        "resolved": "6.0.0",
        "contentHash": "31kfaW4ZupZzPsI5PVe77VhnvFF55qgma7KZr/E0iFTs6fmdhhG8j0mgEx620iLTey1EynOkEfnyTjtNEpJzGw=="
      },
      "System.Reflection.Metadata": {
        "type": "Transitive",
        "resolved": "8.0.0",
        "contentHash": "ptvgrFh7PvWI8bcVqG5rsA/weWM09EnthFHR5SCnS6IN+P4mj6rE1lBDC4U8HL9/57htKAqy4KQ3bBj84cfYyQ==",
        "dependencies": {
          "System.Collections.Immutable": "8.0.0"
        }
      },
      "System.Reflection.TypeExtensions": {
        "type": "Transitive",
        "resolved": "4.7.0",
        "contentHash": "VybpaOQQhqE6siHppMktjfGBw1GCwvCqiufqmP8F1nj7fTUNtW35LOEt3UZTEsECfo+ELAl/9o9nJx3U91i7vA=="
      },
      "System.Runtime.CompilerServices.Unsafe": {
        "type": "Transitive",
        "resolved": "6.0.0",
        "contentHash": "/iUeP3tq1S0XdNNoMz5C9twLSrM/TH+qElHkXWaPvuNOt+99G75NrV0OS2EqHx5wMN7popYjpc8oTjC1y16DLg=="
      },
      "System.Security.AccessControl": {
        "type": "Transitive",
        "resolved": "6.0.1",
        "contentHash": "IQ4NXP/B3Ayzvw0rDQzVTYsCKyy0Jp9KI6aYcK7UnGVlR9+Awz++TIPCQtPYfLJfOpm8ajowMR09V7quD3sEHw=="
      },
      "System.Security.Principal.Windows": {
        "type": "Transitive",
        "resolved": "5.0.0",
        "contentHash": "t0MGLukB5WAVU9bO3MGzvlGnyJPgUlcwerXn1kzBRjwLKixT96XV0Uza41W49gVd8zEMFu9vQEFlv0IOrytICA=="
      }
    },
    "net8.0-windows7.0/win-x64": {
      "System.Management": {
        "type": "Direct",
        "requested": "[8.0.0, )",
        "resolved": "8.0.0",
        "contentHash": "jrK22i5LRzxZCfGb+tGmke2VH7oE0DvcDlJ1HAKYU8cPmD8XnpUT0bYn2Gy98GEhGjtfbR/sxKTVb+dE770pfA==",
        "dependencies": {
          "System.CodeDom": "8.0.0"
        }
      },
      "System.ServiceProcess.ServiceController": {
        "type": "Direct",
        "requested": "[8.0.1, )",
        "resolved": "8.0.1",
        "contentHash": "02I0BXo1kmMBgw03E8Hu4K6nTqur4wpQdcDZrndczPzY2fEoGvlinE35AWbyzLZ2h2IksEZ6an4tVt3hi9j1oA==",
        "dependencies": {
          "System.Diagnostics.EventLog": "8.0.1"
        }
      },
      "System.Text.Encoding.CodePages": {
        "type": "Direct",
        "requested": "[8.0.0, )",
        "resolved": "8.0.0",
        "contentHash": "OZIsVplFGaVY90G2SbpgU7EnCoOO5pw1t4ic21dBF3/1omrJFpAGoNAVpPyMVOC90/hvgkGG3VFqR13YgZMQfg=="
      },
      "Microsoft.Win32.Registry": {
        "type": "Transitive",
        "resolved": "5.0.0",
        "contentHash": "dDoKi0PnDz31yAyETfRntsLArTlVAVzUzCIvvEDsDsucrl33Dl8pIJG06ePTJTI3tGpeyHS9Cq7Foc/s4EeKcg==",
        "dependencies": {
          "System.Security.AccessControl": "5.0.0",
          "System.Security.Principal.Windows": "5.0.0"
        }
      },
      "System.Diagnostics.EventLog": {
        "type": "Transitive",
        "resolved": "8.0.1",
        "contentHash": "n1ZP7NM2Gkn/MgD8+eOT5MulMj6wfeQMNS2Pizvq5GHCZfjlFMXV2irQlQmJhwA2VABC57M0auudO89Iu2uRLg=="
      },
      "System.Security.AccessControl": {
        "type": "Transitive",
        "resolved": "6.0.1",
        "contentHash": "IQ4NXP/B3Ayzvw0rDQzVTYsCKyy0Jp9KI6aYcK7UnGVlR9+Awz++TIPCQtPYfLJfOpm8ajowMR09V7quD3sEHw=="
      },
      "System.Security.Principal.Windows": {
        "type": "Transitive",
        "resolved": "5.0.0",
        "contentHash": "t0MGLukB5WAVU9bO3MGzvlGnyJPgUlcwerXn1kzBRjwLKixT96XV0Uza41W49gVd8zEMFu9vQEFlv0IOrytICA=="
      }
    }
  }
}